// !$*UTF8*$!
{
	archiveVersion = 1;
	classes = {
	};
	objectVersion = 50;
	objects = {

/* Begin PBXBuildFile section */
		84755EDE22A25EB300456965 /* AppDelegate.swift in Sources */ = {isa = PBXBuildFile; fileRef = 84755EDD22A25EB300456965 /* AppDelegate.swift */; };
		84755EE022A25EB300456965 /* ViewController.swift in Sources */ = {isa = PBXBuildFile; fileRef = 84755EDF22A25EB300456965 /* ViewController.swift */; };
		84755EE322A25EB300456965 /* Main.storyboard in Resources */ = {isa = PBXBuildFile; fileRef = 84755EE122A25EB300456965 /* Main.storyboard */; };
		84755EE522A25EB400456965 /* Assets.xcassets in Resources */ = {isa = PBXBuildFile; fileRef = 84755EE422A25EB400456965 /* Assets.xcassets */; };
		84755EE822A25EB400456965 /* LaunchScreen.storyboard in Resources */ = {isa = PBXBuildFile; fileRef = 84755EE622A25EB400456965 /* LaunchScreen.storyboard */; };
		84755EF022A2746700456965 /* 53-512.png in Resources */ = {isa = PBXBuildFile; fileRef = 84755EEF22A2746700456965 /* 53-512.png */; };
		84755EF622A277CF00456965 /* Location-pin.png in Resources */ = {isa = PBXBuildFile; fileRef = 84755EF522A277CF00456965 /* Location-pin.png */; };
		84B0D3C222AA47D700F700FC /* hospitalMap.swift in Sources */ = {isa = PBXBuildFile; fileRef = 84B0D3C122AA47D700F700FC /* hospitalMap.swift */; };
		84C4F01822A8E3DA00B92800 /* NGOMapViewController.swift in Sources */ = {isa = PBXBuildFile; fileRef = 84C4F01722A8E3DA00B92800 /* NGOMapViewController.swift */; };
		84EED18C22A4F4BC00958812 /* News.swift in Sources */ = {isa = PBXBuildFile; fileRef = 84EED18B22A4F4BC00958812 /* News.swift */; };
/* End PBXBuildFile section */

/* Begin PBXFileReference section */
		84755EDA22A25EB300456965 /* refugee.app */ = {isa = PBXFileReference; explicitFileType = wrapper.application; includeInIndex = 0; path = refugee.app; sourceTree = BUILT_PRODUCTS_DIR; };
		84755EDD22A25EB300456965 /* AppDelegate.swift */ = {isa = PBXFileReference; lastKnownFileType = sourcecode.swift; path = AppDelegate.swift; sourceTree = "<group>"; };
		84755EDF22A25EB300456965 /* ViewController.swift */ = {isa = PBXFileReference; lastKnownFileType = sourcecode.swift; path = ViewController.swift; sourceTree = "<group>"; };
		84755EE222A25EB300456965 /* Base */ = {isa = PBXFileReference; lastKnownFileType = file.storyboard; name = Base; path = Base.lproj/Main.storyboard; sourceTree = "<group>"; };
		84755EE422A25EB400456965 /* Assets.xcassets */ = {isa = PBXFileReference; lastKnownFileType = folder.assetcatalog; path = Assets.xcassets; sourceTree = "<group>"; };
		84755EE722A25EB400456965 /* Base */ = {isa = PBXFileReference; lastKnownFileType = file.storyboard; name = Base; path = Base.lproj/LaunchScreen.storyboard; sourceTree = "<group>"; };
		84755EE922A25EB400456965 /* Info.plist */ = {isa = PBXFileReference; lastKnownFileType = text.plist.xml; path = Info.plist; sourceTree = "<group>"; };
		84755EEF22A2746700456965 /* 53-512.png */ = {isa = PBXFileReference; lastKnownFileType = image.png; path = "53-512.png"; sourceTree = "<group>"; };
		84755EF522A277CF00456965 /* Location-pin.png */ = {isa = PBXFileReference; lastKnownFileType = image.png; path = "Location-pin.png"; sourceTree = "<group>"; };
		84B0D3C122AA47D700F700FC /* hospitalMap.swift */ = {isa = PBXFileReference; lastKnownFileType = sourcecode.swift; path = hospitalMap.swift; sourceTree = "<group>"; };
		84C4F01722A8E3DA00B92800 /* NGOMapViewController.swift */ = {isa = PBXFileReference; lastKnownFileType = sourcecode.swift; path = NGOMapViewController.swift; sourceTree = "<group>"; };
		84EED18B22A4F4BC00958812 /* News.swift */ = {isa = PBXFileReference; lastKnownFileType = sourcecode.swift; path = News.swift; sourceTree = "<group>"; };
/* End PBXFileReference section */

/* Begin PBXFrameworksBuildPhase section */
		84755ED722A25EB300456965 /* Frameworks */ = {
			isa = PBXFrameworksBuildPhase;
			buildActionMask = 2147483647;
			files = (
			);
			runOnlyForDeploymentPostprocessing = 0;
		};
/* End PBXFrameworksBuildPhase section */

/* Begin PBXGroup section */
		84755ED122A25EB300456965 = {
			isa = PBXGroup;
			children = (
				84755EDC22A25EB300456965 /* refugee */,
				84755EDB22A25EB300456965 /* Products */,
				84755EEF22A2746700456965 /* 53-512.png */,
				84755EF522A277CF00456965 /* Location-pin.png */,
			);
			sourceTree = "<group>";
		};
		84755EDB22A25EB300456965 /* Products */ = {
			isa = PBXGroup;
			children = (
				84755EDA22A25EB300456965 /* refugee.app */,
			);
			name = Products;
			sourceTree = "<group>";
		};
		84755EDC22A25EB300456965 /* refugee */ = {
			isa = PBXGroup;
			children = (
				84755EDD22A25EB300456965 /* AppDelegate.swift */,
				84755EDF22A25EB300456965 /* ViewController.swift */,
				84EED18B22A4F4BC00958812 /* News.swift */,
				84755EE122A25EB300456965 /* Main.storyboard */,
				84755EE422A25EB400456965 /* Assets.xcassets */,
				84755EE622A25EB400456965 /* LaunchScreen.storyboard */,
				84755EE922A25EB400456965 /* Info.plist */,
				84C4F01722A8E3DA00B92800 /* NGOMapViewController.swift */,
				84B0D3C122AA47D700F700FC /* hospitalMap.swift */,
			);
			path = refugee;
			sourceTree = "<group>";
		};
/* End PBXGroup section */

/* Begin PBXNativeTarget section */
		84755ED922A25EB300456965 /* refugee */ = {
			isa = PBXNativeTarget;
			buildConfigurationList = 84755EEC22A25EB400456965 /* Build configuration list for PBXNativeTarget "refugee" */;
			buildPhases = (
				84755ED622A25EB300456965 /* Sources */,
				84755ED722A25EB300456965 /* Frameworks */,
				84755ED822A25EB300456965 /* Resources */,
			);
			buildRules = (
			);
			dependencies = (
			);
			name = refugee;
			productName = refugee;
			productReference = 84755EDA22A25EB300456965 /* refugee.app */;
			productType = "com.apple.product-type.application";
		};
/* End PBXNativeTarget section */

/* Begin PBXProject section */
		84755ED222A25EB300456965 /* Project object */ = {
			isa = PBXProject;
			attributes = {
				LastSwiftUpdateCheck = 1010;
				LastUpgradeCheck = 1010;
				ORGANIZATIONNAME = ACE;
				TargetAttributes = {
					84755ED922A25EB300456965 = {
						CreatedOnToolsVersion = 10.1;
					};
				};
			};
			buildConfigurationList = 84755ED522A25EB300456965 /* Build configuration list for PBXProject "refugee" */;
			compatibilityVersion = "Xcode 9.3";
			developmentRegion = en;
			hasScannedForEncodings = 0;
			knownRegions = (
				en,
				Base,
			);
			mainGroup = 84755ED122A25EB300456965;
			productRefGroup = 84755EDB22A25EB300456965 /* Products */;
			projectDirPath = "";
			projectRoot = "";
			targets = (
				84755ED922A25EB300456965 /* refugee */,
			);
		};
/* End PBXProject section */

/* Begin PBXResourcesBuildPhase section */
		84755ED822A25EB300456965 /* Resources */ = {
			isa = PBXResourcesBuildPhase;
			buildActionMask = 2147483647;
			files = (
				84755EE822A25EB400456965 /* LaunchScreen.storyboard in Resources */,
				84755EE522A25EB400456965 /* Assets.xcassets in Resources */,
				84755EF622A277CF00456965 /* Location-pin.png in Resources */,
				84755EF022A2746700456965 /* 53-512.png in Resources */,
				84755EE322A25EB300456965 /* Main.storyboard in Resources */,
			);
			runOnlyForDeploymentPostprocessing = 0;
		};
/* End PBXResourcesBuildPhase section */

/* Begin PBXSourcesBuildPhase section */
		84755ED622A25EB300456965 /* Sources */ = {
			isa = PBXSourcesBuildPhase;
			buildActionMask = 2147483647;
			files = (
				84EED18C22A4F4BC00958812 /* News.swift in Sources */,
				84755EE022A25EB300456965 /* ViewController.swift in Sources */,
				84B0D3C222AA47D700F700FC /* hospitalMap.swift in Sources */,
				84C4F01822A8E3DA00B92800 /* NGOMapViewController.swift in Sources */,
				84755EDE22A25EB300456965 /* AppDelegate.swift in Sources */,
			);
			runOnlyForDeploymentPostprocessing = 0;
		};
/* End PBXSourcesBuildPhase section */

/* Begin PBXVariantGroup section */
		84755EE122A25EB300456965 /* Main.storyboard */ = {
			isa = PBXVariantGroup;
			children = (
				84755EE222A25EB300456965 /* Base */,
			);
			name = Main.storyboard;
			sourceTree = "<group>";
		};
		84755EE622A25EB400456965 /* LaunchScreen.storyboard */ = {
			isa = PBXVariantGroup;
			children = (
				84755EE722A25EB400456965 /* Base */,
			);
			name = LaunchScreen.storyboard;
			sourceTree = "<group>";
		};
/* End PBXVariantGroup section */

/* Begin XCBuildConfiguration section */
		84755EEA22A25EB400456965 /* Debug */ = {
			isa = XCBuildConfiguration;
			buildSettings = {
				ALWAYS_SEARCH_USER_PATHS = NO;
				CLANG_ANALYZER_NONNULL = YES;
				CLANG_ANALYZER_NUMBER_OBJECT_CONVERSION = YES_AGGRESSIVE;
				CLANG_CXX_LANGUAGE_STANDARD = "gnu++14";
				CLANG_CXX_LIBRARY = "libc++";
				CLANG_ENABLE_MODULES = YES;
				CLANG_ENABLE_OBJC_ARC = YES;
				CLANG_ENABLE_OBJC_WEAK = YES;
				CLANG_WARN_BLOCK_CAPTURE_AUTORELEASING = YES;
				CLANG_WARN_BOOL_CONVERSION = YES;
				CLANG_WARN_COMMA = YES;
				CLANG_WARN_CONSTANT_CONVERSION = YES;
				CLANG_WARN_DEPRECATED_OBJC_IMPLEMENTATIONS = YES;
				CLANG_WARN_DIRECT_OBJC_ISA_USAGE = YES_ERROR;
				CLANG_WARN_DOCUMENTATION_COMMENTS = YES;
				CLANG_WARN_EMPTY_BODY = YES;
				CLANG_WARN_ENUM_CONVERSION = YES;
				CLANG_WARN_INFINITE_RECURSION = YES;
				CLANG_WARN_INT_CONVERSION = YES;
				CLANG_WARN_NON_LITERAL_NULL_CONVERSION = YES;
				CLANG_WARN_OBJC_IMPLICIT_RETAIN_SELF = YES;
				CLANG_WARN_OBJC_LITERAL_CONVERSION = YES;
				CLANG_WARN_OBJC_ROOT_CLASS = YES_ERROR;
				CLANG_WARN_RANGE_LOOP_ANALYSIS = YES;
				CLANG_WARN_STRICT_PROTOTYPES = YES;
				CLANG_WARN_SUSPICIOUS_MOVE = YES;
				CLANG_WARN_UNGUARDED_AVAILABILITY = YES_AGGRESSIVE;
				CLANG_WARN_UNREACHABLE_CODE = YES;
				CLANG_WARN__DUPLICATE_METHOD_MATCH = YES;
				CODE_SIGN_IDENTITY = "iPhone Developer";
				COPY_PHASE_STRIP = NO;
				DEBUG_INFORMATION_FORMAT = dwarf;
				ENABLE_STRICT_OBJC_MSGSEND = YES;
				ENABLE_TESTABILITY = YES;
				GCC_C_LANGUAGE_STANDARD = gnu11;
				GCC_DYNAMIC_NO_PIC = NO;
				GCC_NO_COMMON_BLOCKS = YES;
				GCC_OPTIMIZATION_LEVEL = 0;
				GCC_PREPROCESSOR_DEFINITIONS = (
					"DEBUG=1",
					"$(inherited)",
				);
				GCC_WARN_64_TO_32_BIT_CONVERSION = YES;
				GCC_WARN_ABOUT_RETURN_TYPE = YES_ERROR;
				GCC_WARN_UNDECLARED_SELECTOR = YES;
				GCC_WARN_UNINITIALIZED_AUTOS = YES_AGGRESSIVE;
				GCC_WARN_UNUSED_FUNCTION = YES;
				GCC_WARN_UNUSED_VARIABLE = YES;
				IPHONEOS_DEPLOYMENT_TARGET = 12.1;
				MTL_ENABLE_DEBUG_INFO = INCLUDE_SOURCE;
				MTL_FAST_MATH = YES;
				ONLY_ACTIVE_ARCH = YES;
				SDKROOT = iphoneos;
				SWIFT_ACTIVE_COMPILATION_CONDITIONS = DEBUG;
				SWIFT_OPTIMIZATION_LEVEL = "-Onone";
			};
			name = Debug;
		};
		84755EEB22A25EB400456965 /* Release */ = {
			isa = XCBuildConfiguration;
			buildSettings = {
				ALWAYS_SEARCH_USER_PATHS = NO;
				CLANG_ANALYZER_NONNULL = YES;
				CLANG_ANALYZER_NUMBER_OBJECT_CONVERSION = YES_AGGRESSIVE;
				CLANG_CXX_LANGUAGE_STANDARD = "gnu++14";
				CLANG_CXX_LIBRARY = "libc++";
				CLANG_ENABLE_MODULES = YES;
				CLANG_ENABLE_OBJC_ARC = YES;
				CLANG_ENABLE_OBJC_WEAK = YES;
				CLANG_WARN_BLOCK_CAPTURE_AUTORELEASING = YES;
				CLANG_WARN_BOOL_CONVERSION = YES;
				CLANG_WARN_COMMA = YES;
				CLANG_WARN_CONSTANT_CONVERSION = YES;
				CLANG_WARN_DEPRECATED_OBJC_IMPLEMENTATIONS = YES;
				CLANG_WARN_DIRECT_OBJC_ISA_USAGE = YES_ERROR;
				CLANG_WARN_DOCUMENTATION_COMMENTS = YES;
				CLANG_WARN_EMPTY_BODY = YES;
				CLANG_WARN_ENUM_CONVERSION = YES;
				CLANG_WARN_INFINITE_RECURSION = YES;
				CLANG_WARN_INT_CONVERSION = YES;
				CLANG_WARN_NON_LITERAL_NULL_CONVERSION = YES;
				CLANG_WARN_OBJC_IMPLICIT_RETAIN_SELF = YES;
				CLANG_WARN_OBJC_LITERAL_CONVERSION = YES;
				CLANG_WARN_OBJC_ROOT_CLASS = YES_ERROR;
				CLANG_WARN_RANGE_LOOP_ANALYSIS = YES;
				CLANG_WARN_STRICT_PROTOTYPES = YES;
				CLANG_WARN_SUSPICIOUS_MOVE = YES;
				CLANG_WARN_UNGUARDED_AVAILABILITY = YES_AGGRESSIVE;
				CLANG_WARN_UNREACHABLE_CODE = YES;
				CLANG_WARN__DUPLICATE_METHOD_MATCH = YES;
				CODE_SIGN_IDENTITY = "iPhone Developer";
				COPY_PHASE_STRIP = NO;
				DEBUG_INFORMATION_FORMAT = "dwarf-with-dsym";
				ENABLE_NS_ASSERTIONS = NO;
				ENABLE_STRICT_OBJC_MSGSEND = YES;
				GCC_C_LANGUAGE_STANDARD = gnu11;
				GCC_NO_COMMON_BLOCKS = YES;
				GCC_WARN_64_TO_32_BIT_CONVERSION = YES;
				GCC_WARN_ABOUT_RETURN_TYPE = YES_ERROR;
				GCC_WARN_UNDECLARED_SELECTOR = YES;
				GCC_WARN_UNINITIALIZED_AUTOS = YES_AGGRESSIVE;
				GCC_WARN_UNUSED_FUNCTION = YES;
				GCC_WARN_UNUSED_VARIABLE = YES;
				IPHONEOS_DEPLOYMENT_TARGET = 12.1;
				MTL_ENABLE_DEBUG_INFO = NO;
				MTL_FAST_MATH = YES;
				SDKROOT = iphoneos;
				SWIFT_COMPILATION_MODE = wholemodule;
				SWIFT_OPTIMIZATION_LEVEL = "-O";
				VALIDATE_PRODUCT = YES;
			};
			name = Release;
		};
		84755EED22A25EB400456965 /* Debug */ = {
			isa = XCBuildConfiguration;
			buildSettings = {
				ASSETCATALOG_COMPILER_APPICON_NAME = AppIcon;
				CODE_SIGN_STYLE = Automatic;
				INFOPLIST_FILE = refugee/Info.plist;
				LD_RUNPATH_SEARCH_PATHS = (
					"$(inherited)",
					"@executable_path/Frameworks",
				);
				PRODUCT_BUNDLE_IDENTIFIER = com.atharva.refugee;
				PRODUCT_NAME = "$(TARGET_NAME)";
				SWIFT_VERSION = 4.2;
				TARGETED_DEVICE_FAMILY = "1,2";
			};
			name = Debug;
		};
		84755EEE22A25EB400456965 /* Release */ = {
			isa = XCBuildConfiguration;
			buildSettings = {
				ASSETCATALOG_COMPILER_APPICON_NAME = AppIcon;
				CODE_SIGN_STYLE = Automatic;
				INFOPLIST_FILE = refugee/Info.plist;
				LD_RUNPATH_SEARCH_PATHS = (
					"$(inherited)",
					"@executable_path/Frameworks",
				);
				PRODUCT_BUNDLE_IDENTIFIER = com.atharva.refugee;
				PRODUCT_NAME = "$(TARGET_NAME)";
				SWIFT_VERSION = 4.2;
				TARGETED_DEVICE_FAMILY = "1,2";
			};
			name = Release;
		};
/* End XCBuildConfiguration section */

/* Begin XCConfigurationList section */
		84755ED522A25EB300456965 /* Build configuration list for PBXProject "refugee" */ = {
			isa = XCConfigurationList;
			buildConfigurations = (
				84755EEA22A25EB400456965 /* Debug */,
				84755EEB22A25EB400456965 /* Release */,
			);
			defaultConfigurationIsVisible = 0;
			defaultConfigurationName = Release;
		};
		84755EEC22A25EB400456965 /* Build configuration list for PBXNativeTarget "refugee" */ = {
			isa = XCConfigurationList;
			buildConfigurations = (
				84755EED22A25EB400456965 /* Debug */,
				84755EEE22A25EB400456965 /* Release */,
			);
			defaultConfigurationIsVisible = 0;
			defaultConfigurationName = Release;
		};
/* End XCConfigurationList section */
	};
	rootObject = 84755ED222A25EB300456965 /* Project object */;
}
